
Microsoft Visual Studio Solution File, Format Version 12.00
# Visual Studio Version 17
VisualStudioVersion = 17.9.34902.65
MinimumVisualStudioVersion = 10.0.40219.1
Project("{2150E333-8FDC-42A3-9474-1A3956D46DE8}") = "04.EndPoints", "04.EndPoints", "{E28B1DE5-962E-409B-8EEA-C961CAE182A3}"
EndProject
Project("{9A19103F-16F7-4668-BE54-9A1E7A4F7556}") = "FullStackPhoneBook.EndPoint.Mvc", "FullStackPhoneBook.EndPoint.Mvc\FullStackPhoneBook.EndPoint.Mvc.csproj", "{35275D8D-4DF9-4A10-9CFE-0A6F159E1050}"
EndProject
Project("{2150E333-8FDC-42A3-9474-1A3956D46DE8}") = "01.Domain", "01.Domain", "{D2467C00-FB40-49FE-9438-2C34355396B8}"
EndProject
Project("{2150E333-8FDC-42A3-9474-1A3956D46DE8}") = "02.Services", "02.Services", "{5FCAFF05-3484-4B1D-88D1-97B2883A75FA}"
EndProject
Project("{2150E333-8FDC-42A3-9474-1A3956D46DE8}") = "03.infrastracture", "03.infrastracture", "{8175A79A-AAA2-4D7E-BD54-6922EB424426}"
EndProject
Project("{9A19103F-16F7-4668-BE54-9A1E7A4F7556}") = "FullStackPhoneBook.Core.Contracts", "FullStackPhoneBook.Core.Contracts\FullStackPhoneBook.Core.Contracts.csproj", "{40BB6803-A187-447F-B351-ADC886DF3E9C}"
EndProject
Project("{9A19103F-16F7-4668-BE54-9A1E7A4F7556}") = "FullStackPhoneBook.Domain.Core", "FullStackPhoneBook.Domain.Core\FullStackPhoneBook.Domain.Core.csproj", "{1386CC0A-BDE6-41F1-95AE-9B0AF4093B41}"
EndProject
Project("{9A19103F-16F7-4668-BE54-9A1E7A4F7556}") = "FullStackPhoneBook.Services.Applicatioin", "FullStackPhoneBook.Services.Applicatioin\FullStackPhoneBook.Services.Applicatioin.csproj", "{C4EF901E-0E4E-44C8-AEBA-6FE836DAEEC4}"
EndProject
Project("{9A19103F-16F7-4668-BE54-9A1E7A4F7556}") = "FullStackPhoneBook.Infrastractures.DataAccess", "FullStackPhoneBook.Infrastractures.DataAccess\FullStackPhoneBook.Infrastractures.DataAccess.csproj", "{886CC395-7954-4036-99A4-1BA2B0EAB2AD}"
EndProject
Global
	GlobalSection(SolutionConfigurationPlatforms) = preSolution
		Debug|Any CPU = Debug|Any CPU
		Release|Any CPU = Release|Any CPU
	EndGlobalSection
	GlobalSection(ProjectConfigurationPlatforms) = postSolution
		{35275D8D-4DF9-4A10-9CFE-0A6F159E1050}.Debug|Any CPU.ActiveCfg = Debug|Any CPU
		{35275D8D-4DF9-4A10-9CFE-0A6F159E1050}.Debug|Any CPU.Build.0 = Debug|Any CPU
		{35275D8D-4DF9-4A10-9CFE-0A6F159E1050}.Release|Any CPU.ActiveCfg = Release|Any CPU
		{35275D8D-4DF9-4A10-9CFE-0A6F159E1050}.Release|Any CPU.Build.0 = Release|Any CPU
		{40BB6803-A187-447F-B351-ADC886DF3E9C}.Debug|Any CPU.ActiveCfg = Debug|Any CPU
		{40BB6803-A187-447F-B351-ADC886DF3E9C}.Debug|Any CPU.Build.0 = Debug|Any CPU
		{40BB6803-A187-447F-B351-ADC886DF3E9C}.Release|Any CPU.ActiveCfg = Release|Any CPU
		{40BB6803-A187-447F-B351-ADC886DF3E9C}.Release|Any CPU.Build.0 = Release|Any CPU
		{1386CC0A-BDE6-41F1-95AE-9B0AF4093B41}.Debug|Any CPU.ActiveCfg = Debug|Any CPU
		{1386CC0A-BDE6-41F1-95AE-9B0AF4093B41}.Debug|Any CPU.Build.0 = Debug|Any CPU
		{1386CC0A-BDE6-41F1-95AE-9B0AF4093B41}.Release|Any CPU.ActiveCfg = Release|Any CPU
		{1386CC0A-BDE6-41F1-95AE-9B0AF4093B41}.Release|Any CPU.Build.0 = Release|Any CPU
		{C4EF901E-0E4E-44C8-AEBA-6FE836DAEEC4}.Debug|Any CPU.ActiveCfg = Debug|Any CPU
		{C4EF901E-0E4E-44C8-AEBA-6FE836DAEEC4}.Debug|Any CPU.Build.0 = Debug|Any CPU
		{C4EF901E-0E4E-44C8-AEBA-6FE836DAEEC4}.Release|Any CPU.ActiveCfg = Release|Any CPU
		{C4EF901E-0E4E-44C8-AEBA-6FE836DAEEC4}.Release|Any CPU.Build.0 = Release|Any CPU
		{886CC395-7954-4036-99A4-1BA2B0EAB2AD}.Debug|Any CPU.ActiveCfg = Debug|Any CPU
		{886CC395-7954-4036-99A4-1BA2B0EAB2AD}.Debug|Any CPU.Build.0 = Debug|Any CPU
		{886CC395-7954-4036-99A4-1BA2B0EAB2AD}.Release|Any CPU.ActiveCfg = Release|Any CPU
		{886CC395-7954-4036-99A4-1BA2B0EAB2AD}.Release|Any CPU.Build.0 = Release|Any CPU
	EndGlobalSection
	GlobalSection(SolutionProperties) = preSolution
		HideSolutionNode = FALSE
	EndGlobalSection
	GlobalSection(NestedProjects) = preSolution
		{35275D8D-4DF9-4A10-9CFE-0A6F159E1050} = {E28B1DE5-962E-409B-8EEA-C961CAE182A3}
		{40BB6803-A187-447F-B351-ADC886DF3E9C} = {D2467C00-FB40-49FE-9438-2C34355396B8}
		{1386CC0A-BDE6-41F1-95AE-9B0AF4093B41} = {D2467C00-FB40-49FE-9438-2C34355396B8}
		{C4EF901E-0E4E-44C8-AEBA-6FE836DAEEC4} = {5FCAFF05-3484-4B1D-88D1-97B2883A75FA}
		{886CC395-7954-4036-99A4-1BA2B0EAB2AD} = {8175A79A-AAA2-4D7E-BD54-6922EB424426}
	EndGlobalSection
	GlobalSection(ExtensibilityGlobals) = postSolution
		SolutionGuid = {7B7DE1AE-64D6-4D98-8EEC-DA602613AE3E}
	EndGlobalSection
EndGlobal
